// !$*UTF8*$!
{
	archiveVersion = 1;
	classes = {
	};
	objectVersion = 77;
	objects = {

/* Begin PBXContainerItemProxy section */
		EF61E62A2E71A21100C45B6C /* PBXContainerItemProxy */ = {
			isa = PBXContainerItemProxy;
			containerPortal = EF61E60F2E71A21000C45B6C /* Project object */;
			proxyType = 1;
			remoteGlobalIDString = EF61E6162E71A21000C45B6C;
			remoteInfo = iOSFinalProject;
		};
		EF61E6342E71A21100C45B6C /* PBXContainerItemProxy */ = {
			isa = PBXContainerItemProxy;
			containerPortal = EF61E60F2E71A21000C45B6C /* Project object */;
			proxyType = 1;
			remoteGlobalIDString = EF61E6162E71A21000C45B6C;
			remoteInfo = iOSFinalProject;
		};
/* End PBXContainerItemProxy section */

/* Begin PBXFileReference section */
		EF61E6172E71A21000C45B6C /* iOSFinalProject.app */ = {isa = PBXFileReference; explicitFileType = wrapper.application; includeInIndex = 0; path = iOSFinalProject.app; sourceTree = BUILT_PRODUCTS_DIR; };
		EF61E6292E71A21100C45B6C /* iOSFinalProjectTests.xctest */ = {isa = PBXFileReference; explicitFileType = wrapper.cfbundle; includeInIndex = 0; path = iOSFinalProjectTests.xctest; sourceTree = BUILT_PRODUCTS_DIR; };
		EF61E6332E71A21100C45B6C /* iOSFinalProjectUITests.xctest */ = {isa = PBXFileReference; explicitFileType = wrapper.cfbundle; includeInIndex = 0; path = iOSFinalProjectUITests.xctest; sourceTree = BUILT_PRODUCTS_DIR; };
/* End PBXFileReference section */

/* Begin PBXFileSystemSynchronizedRootGroup section */
		EF61E6192E71A21000C45B6C /* iOSFinalProject */ = {
			isa = PBXFileSystemSynchronizedRootGroup;
			path = iOSFinalProject;
			sourceTree = "<group>";
		};
		EF61E62C2E71A21100C45B6C /* iOSFinalProjectTests */ = {
			isa = PBXFileSystemSynchronizedRootGroup;
			path = iOSFinalProjectTests;
			sourceTree = "<group>";
		};
		EF61E6362E71A21100C45B6C /* iOSFinalProjectUITests */ = {
			isa = PBXFileSystemSynchronizedRootGroup;
			path = iOSFinalProjectUITests;
			sourceTree = "<group>";
		};
/* End PBXFileSystemSynchronizedRootGroup section */

/* Begin PBXFrameworksBuildPhase section */
		EF61E6142E71A21000C45B6C /* Frameworks */ = {
			isa = PBXFrameworksBuildPhase;
			buildActionMask = 2147483647;
			files = (
			);
			runOnlyForDeploymentPostprocessing = 0;
		};
		EF61E6262E71A21100C45B6C /* Frameworks */ = {
			isa = PBXFrameworksBuildPhase;
			buildActionMask = 2147483647;
			files = (
			);
			runOnlyForDeploymentPostprocessing = 0;
		};
		EF61E6302E71A21100C45B6C /* Frameworks */ = {
			isa = PBXFrameworksBuildPhase;
			buildActionMask = 2147483647;
			files = (
			);
			runOnlyForDeploymentPostprocessing = 0;
		};
/* End PBXFrameworksBuildPhase section */

/* Begin PBXGroup section */
		EF61E60E2E71A21000C45B6C = {
			isa = PBXGroup;
			children = (
				EF61E6192E71A21000C45B6C /* iOSFinalProject */,
				EF61E62C2E71A21100C45B6C /* iOSFinalProjectTests */,
				EF61E6362E71A21100C45B6C /* iOSFinalProjectUITests */,
				EF61E6182E71A21000C45B6C /* Products */,
			);
			sourceTree = "<group>";
		};
		EF61E6182E71A21000C45B6C /* Products */ = {
			isa = PBXGroup;
			children = (
				EF61E6172E71A21000C45B6C /* iOSFinalProject.app */,
				EF61E6292E71A21100C45B6C /* iOSFinalProjectTests.xctest */,
				EF61E6332E71A21100C45B6C /* iOSFinalProjectUITests.xctest */,
			);
			name = Products;
			sourceTree = "<group>";
		};
/* End PBXGroup section */

/* Begin PBXNativeTarget section */
		EF61E6162E71A21000C45B6C /* iOSFinalProject */ = {
			isa = PBXNativeTarget;
			buildConfigurationList = EF61E63D2E71A21100C45B6C /* Build configuration list for PBXNativeTarget "iOSFinalProject" */;
			buildPhases = (
				EF61E6132E71A21000C45B6C /* Sources */,
				EF61E6142E71A21000C45B6C /* Frameworks */,
				EF61E6152E71A21000C45B6C /* Resources */,
			);
			buildRules = (
			);
			dependencies = (
			);
			fileSystemSynchronizedGroups = (
				EF61E6192E71A21000C45B6C /* iOSFinalProject */,
			);
			name = iOSFinalProject;
			packageProductDependencies = (
			);
			productName = iOSFinalProject;
			productReference = EF61E6172E71A21000C45B6C /* iOSFinalProject.app */;
			productType = "com.apple.product-type.application";
		};
		EF61E6282E71A21100C45B6C /* iOSFinalProjectTests */ = {
			isa = PBXNativeTarget;
			buildConfigurationList = EF61E6402E71A21100C45B6C /* Build configuration list for PBXNativeTarget "iOSFinalProjectTests" */;
			buildPhases = (
				EF61E6252E71A21100C45B6C /* Sources */,
				EF61E6262E71A21100C45B6C /* Frameworks */,
				EF61E6272E71A21100C45B6C /* Resources */,
			);
			buildRules = (
			);
			dependencies = (
				EF61E62B2E71A21100C45B6C /* PBXTargetDependency */,
			);
			fileSystemSynchronizedGroups = (
				EF61E62C2E71A21100C45B6C /* iOSFinalProjectTests */,
			);
			name = iOSFinalProjectTests;
			packageProductDependencies = (
			);
			productName = iOSFinalProjectTests;
			productReference = EF61E6292E71A21100C45B6C /* iOSFinalProjectTests.xctest */;
			productType = "com.apple.product-type.bundle.unit-test";
		};
		EF61E6322E71A21100C45B6C /* iOSFinalProjectUITests */ = {
			isa = PBXNativeTarget;
			buildConfigurationList = EF61E6432E71A21100C45B6C /* Build configuration list for PBXNativeTarget "iOSFinalProjectUITests" */;
			buildPhases = (
				EF61E62F2E71A21100C45B6C /* Sources */,
				EF61E6302E71A21100C45B6C /* Frameworks */,
				EF61E6312E71A21100C45B6C /* Resources */,
			);
			buildRules = (
			);
			dependencies = (
				EF61E6352E71A21100C45B6C /* PBXTargetDependency */,
			);
			fileSystemSynchronizedGroups = (
				EF61E6362E71A21100C45B6C /* iOSFinalProjectUITests */,
			);
			name = iOSFinalProjectUITests;
			packageProductDependencies = (
			);
			productName = iOSFinalProjectUITests;
			productReference = EF61E6332E71A21100C45B6C /* iOSFinalProjectUITests.xctest */;
			productType = "com.apple.product-type.bundle.ui-testing";
		};
/* End PBXNativeTarget section */

/* Begin PBXProject section */
		EF61E60F2E71A21000C45B6C /* Project object */ = {
			isa = PBXProject;
			attributes = {
				BuildIndependentTargetsInParallel = 1;
				LastSwiftUpdateCheck = 1640;
				LastUpgradeCheck = 1640;
				TargetAttributes = {
					EF61E6162E71A21000C45B6C = {
						CreatedOnToolsVersion = 16.4;
					};
					EF61E6282E71A21100C45B6C = {
						CreatedOnToolsVersion = 16.4;
						TestTargetID = EF61E6162E71A21000C45B6C;
					};
					EF61E6322E71A21100C45B6C = {
						CreatedOnToolsVersion = 16.4;
						TestTargetID = EF61E6162E71A21000C45B6C;
					};
				};
			};
			buildConfigurationList = EF61E6122E71A21000C45B6C /* Build configuration list for PBXProject "iOSFinalProject" */;
			developmentRegion = en;
			hasScannedForEncodings = 0;
			knownRegions = (
				en,
				Base,
			);
			mainGroup = EF61E60E2E71A21000C45B6C;
			minimizedProjectReferenceProxies = 1;
			preferredProjectObjectVersion = 77;
			productRefGroup = EF61E6182E71A21000C45B6C /* Products */;
			projectDirPath = "";
			projectRoot = "";
			targets = (
				EF61E6162E71A21000C45B6C /* iOSFinalProject */,
				EF61E6282E71A21100C45B6C /* iOSFinalProjectTests */,
				EF61E6322E71A21100C45B6C /* iOSFinalProjectUITests */,
			);
		};
/* End PBXProject section */

/* Begin PBXResourcesBuildPhase section */
		EF61E6152E71A21000C45B6C /* Resources */ = {
			isa = PBXResourcesBuildPhase;
			buildActionMask = 2147483647;
			files = (
			);
			runOnlyForDeploymentPostprocessing = 0;
		};
		EF61E6272E71A21100C45B6C /* Resources */ = {
			isa = PBXResourcesBuildPhase;
			buildActionMask = 2147483647;
			files = (
			);
			runOnlyForDeploymentPostprocessing = 0;
		};
		EF61E6312E71A21100C45B6C /* Resources */ = {
			isa = PBXResourcesBuildPhase;
			buildActionMask = 2147483647;
			files = (
			);
			runOnlyForDeploymentPostprocessing = 0;
		};
/* End PBXResourcesBuildPhase section */

/* Begin PBXSourcesBuildPhase section */
		EF61E6132E71A21000C45B6C /* Sources */ = {
			isa = PBXSourcesBuildPhase;
			buildActionMask = 2147483647;
			files = (
			);
			runOnlyForDeploymentPostprocessing = 0;
		};
		EF61E6252E71A21100C45B6C /* Sources */ = {
			isa = PBXSourcesBuildPhase;
			buildActionMask = 2147483647;
			files = (
			);
			runOnlyForDeploymentPostprocessing = 0;
		};
		EF61E62F2E71A21100C45B6C /* Sources */ = {
			isa = PBXSourcesBuildPhase;
			buildActionMask = 2147483647;
			files = (
			);
			runOnlyForDeploymentPostprocessing = 0;
		};
/* End PBXSourcesBuildPhase section */

/* Begin PBXTargetDependency section */
		EF61E62B2E71A21100C45B6C /* PBXTargetDependency */ = {
			isa = PBXTargetDependency;
			target = EF61E6162E71A21000C45B6C /* iOSFinalProject */;
			targetProxy = EF61E62A2E71A21100C45B6C /* PBXContainerItemProxy */;
		};
		EF61E6352E71A21100C45B6C /* PBXTargetDependency */ = {
			isa = PBXTargetDependency;
			target = EF61E6162E71A21000C45B6C /* iOSFinalProject */;
			targetProxy = EF61E6342E71A21100C45B6C /* PBXContainerItemProxy */;
		};
/* End PBXTargetDependency section */

/* Begin XCBuildConfiguration section */
		EF61E63B2E71A21100C45B6C /* Debug */ = {
			isa = XCBuildConfiguration;
			buildSettings = {
				ALWAYS_SEARCH_USER_PATHS = NO;
				ASSETCATALOG_COMPILER_GENERATE_SWIFT_ASSET_SYMBOL_EXTENSIONS = YES;
				CLANG_ANALYZER_NONNULL = YES;
				CLANG_ANALYZER_NUMBER_OBJECT_CONVERSION = YES_AGGRESSIVE;
				CLANG_CXX_LANGUAGE_STANDARD = "gnu++20";
				CLANG_ENABLE_MODULES = YES;
				CLANG_ENABLE_OBJC_ARC = YES;
				CLANG_ENABLE_OBJC_WEAK = YES;
				CLANG_WARN_BLOCK_CAPTURE_AUTORELEASING = YES;
				CLANG_WARN_BOOL_CONVERSION = YES;
				CLANG_WARN_COMMA = YES;
				CLANG_WARN_CONSTANT_CONVERSION = YES;
				CLANG_WARN_DEPRECATED_OBJC_IMPLEMENTATIONS = YES;
				CLANG_WARN_DIRECT_OBJC_ISA_USAGE = YES_ERROR;
				CLANG_WARN_DOCUMENTATION_COMMENTS = YES;
				CLANG_WARN_EMPTY_BODY = YES;
				CLANG_WARN_ENUM_CONVERSION = YES;
				CLANG_WARN_INFINITE_RECURSION = YES;
				CLANG_WARN_INT_CONVERSION = YES;
				CLANG_WARN_NON_LITERAL_NULL_CONVERSION = YES;
				CLANG_WARN_OBJC_IMPLICIT_RETAIN_SELF = YES;
				CLANG_WARN_OBJC_LITERAL_CONVERSION = YES;
				CLANG_WARN_OBJC_ROOT_CLASS = YES_ERROR;
				CLANG_WARN_QUOTED_INCLUDE_IN_FRAMEWORK_HEADER = YES;
				CLANG_WARN_RANGE_LOOP_ANALYSIS = YES;
				CLANG_WARN_STRICT_PROTOTYPES = YES;
				CLANG_WARN_SUSPICIOUS_MOVE = YES;
				CLANG_WARN_UNGUARDED_AVAILABILITY = YES_AGGRESSIVE;
				CLANG_WARN_UNREACHABLE_CODE = YES;
				CLANG_WARN__DUPLICATE_METHOD_MATCH = YES;
				COPY_PHASE_STRIP = NO;
				DEBUG_INFORMATION_FORMAT = dwarf;
				ENABLE_STRICT_OBJC_MSGSEND = YES;
				ENABLE_TESTABILITY = YES;
				ENABLE_USER_SCRIPT_SANDBOXING = YES;
				GCC_C_LANGUAGE_STANDARD = gnu17;
				GCC_DYNAMIC_NO_PIC = NO;
				GCC_NO_COMMON_BLOCKS = YES;
				GCC_OPTIMIZATION_LEVEL = 0;
				GCC_PREPROCESSOR_DEFINITIONS = (
					"DEBUG=1",
					"$(inherited)",
				);
				GCC_WARN_64_TO_32_BIT_CONVERSION = YES;
				GCC_WARN_ABOUT_RETURN_TYPE = YES_ERROR;
				GCC_WARN_UNDECLARED_SELECTOR = YES;
				GCC_WARN_UNINITIALIZED_AUTOS = YES_AGGRESSIVE;
				GCC_WARN_UNUSED_FUNCTION = YES;
				GCC_WARN_UNUSED_VARIABLE = YES;
				IPHONEOS_DEPLOYMENT_TARGET = 18.5;
				LOCALIZATION_PREFERS_STRING_CATALOGS = YES;
				MTL_ENABLE_DEBUG_INFO = INCLUDE_SOURCE;
				MTL_FAST_MATH = YES;
				ONLY_ACTIVE_ARCH = YES;
				SDKROOT = iphoneos;
				SWIFT_ACTIVE_COMPILATION_CONDITIONS = "DEBUG $(inherited)";
				SWIFT_OPTIMIZATION_LEVEL = "-Onone";
			};
			name = Debug;
		};
		EF61E63C2E71A21100C45B6C /* Release */ = {
			isa = XCBuildConfiguration;
			buildSettings = {
				ALWAYS_SEARCH_USER_PATHS = NO;
				ASSETCATALOG_COMPILER_GENERATE_SWIFT_ASSET_SYMBOL_EXTENSIONS = YES;
				CLANG_ANALYZER_NONNULL = YES;
				CLANG_ANALYZER_NUMBER_OBJECT_CONVERSION = YES_AGGRESSIVE;
				CLANG_CXX_LANGUAGE_STANDARD = "gnu++20";
				CLANG_ENABLE_MODULES = YES;
				CLANG_ENABLE_OBJC_ARC = YES;
				CLANG_ENABLE_OBJC_WEAK = YES;
				CLANG_WARN_BLOCK_CAPTURE_AUTORELEASING = YES;
				CLANG_WARN_BOOL_CONVERSION = YES;
				CLANG_WARN_COMMA = YES;
				CLANG_WARN_CONSTANT_CONVERSION = YES;
				CLANG_WARN_DEPRECATED_OBJC_IMPLEMENTATIONS = YES;
				CLANG_WARN_DIRECT_OBJC_ISA_USAGE = YES_ERROR;
				CLANG_WARN_DOCUMENTATION_COMMENTS = YES;
				CLANG_WARN_EMPTY_BODY = YES;
				CLANG_WARN_ENUM_CONVERSION = YES;
				CLANG_WARN_INFINITE_RECURSION = YES;
				CLANG_WARN_INT_CONVERSION = YES;
				CLANG_WARN_NON_LITERAL_NULL_CONVERSION = YES;
				CLANG_WARN_OBJC_IMPLICIT_RETAIN_SELF = YES;
				CLANG_WARN_OBJC_LITERAL_CONVERSION = YES;
				CLANG_WARN_OBJC_ROOT_CLASS = YES_ERROR;
				CLANG_WARN_QUOTED_INCLUDE_IN_FRAMEWORK_HEADER = YES;
				CLANG_WARN_RANGE_LOOP_ANALYSIS = YES;
				CLANG_WARN_STRICT_PROTOTYPES = YES;
				CLANG_WARN_SUSPICIOUS_MOVE = YES;
				CLANG_WARN_UNGUARDED_AVAILABILITY = YES_AGGRESSIVE;
				CLANG_WARN_UNREACHABLE_CODE = YES;
				CLANG_WARN__DUPLICATE_METHOD_MATCH = YES;
				COPY_PHASE_STRIP = NO;
				DEBUG_INFORMATION_FORMAT = "dwarf-with-dsym";
				ENABLE_NS_ASSERTIONS = NO;
				ENABLE_STRICT_OBJC_MSGSEND = YES;
				ENABLE_USER_SCRIPT_SANDBOXING = YES;
				GCC_C_LANGUAGE_STANDARD = gnu17;
				GCC_NO_COMMON_BLOCKS = YES;
				GCC_WARN_64_TO_32_BIT_CONVERSION = YES;
				GCC_WARN_ABOUT_RETURN_TYPE = YES_ERROR;
				GCC_WARN_UNDECLARED_SELECTOR = YES;
				GCC_WARN_UNINITIALIZED_AUTOS = YES_AGGRESSIVE;
				GCC_WARN_UNUSED_FUNCTION = YES;
				GCC_WARN_UNUSED_VARIABLE = YES;
				IPHONEOS_DEPLOYMENT_TARGET = 18.5;
				LOCALIZATION_PREFERS_STRING_CATALOGS = YES;
				MTL_ENABLE_DEBUG_INFO = NO;
				MTL_FAST_MATH = YES;
				SDKROOT = iphoneos;
				SWIFT_COMPILATION_MODE = wholemodule;
				VALIDATE_PRODUCT = YES;
			};
			name = Release;
		};
		EF61E63E2E71A21100C45B6C /* Debug */ = {
			isa = XCBuildConfiguration;
			buildSettings = {
				ASSETCATALOG_COMPILER_APPICON_NAME = AppIcon;
				ASSETCATALOG_COMPILER_GLOBAL_ACCENT_COLOR_NAME = AccentColor;
				CODE_SIGN_STYLE = Automatic;
				CURRENT_PROJECT_VERSION = 1;
				ENABLE_PREVIEWS = YES;
				GENERATE_INFOPLIST_FILE = YES;
				INFOPLIST_KEY_UIApplicationSceneManifest_Generation = YES;
				INFOPLIST_KEY_UIApplicationSupportsIndirectInputEvents = YES;
				INFOPLIST_KEY_UILaunchScreen_Generation = YES;
				INFOPLIST_KEY_UISupportedInterfaceOrientations_iPad = "UIInterfaceOrientationPortrait UIInterfaceOrientationPortraitUpsideDown UIInterfaceOrientationLandscapeLeft UIInterfaceOrientationLandscapeRight";
				INFOPLIST_KEY_UISupportedInterfaceOrientations_iPhone = "UIInterfaceOrientationPortrait UIInterfaceOrientationLandscapeLeft UIInterfaceOrientationLandscapeRight";
				LD_RUNPATH_SEARCH_PATHS = (
					"$(inherited)",
					"@executable_path/Frameworks",
				);
				MARKETING_VERSION = 1.0;
				PRODUCT_BUNDLE_IDENTIFIER = Myself.iOSFinalProject;
				PRODUCT_NAME = "$(TARGET_NAME)";
				SWIFT_EMIT_LOC_STRINGS = YES;
				SWIFT_VERSION = 5.0;
				TARGETED_DEVICE_FAMILY = "1,2";
			};
			name = Debug;
		};
		EF61E63F2E71A21100C45B6C /* Release */ = {
			isa = XCBuildConfiguration;
			buildSettings = {
				ASSETCATALOG_COMPILER_APPICON_NAME = AppIcon;
				ASSETCATALOG_COMPILER_GLOBAL_ACCENT_COLOR_NAME = AccentColor;
				CODE_SIGN_STYLE = Automatic;
				CURRENT_PROJECT_VERSION = 1;
				ENABLE_PREVIEWS = YES;
				GENERATE_INFOPLIST_FILE = YES;
				INFOPLIST_KEY_UIApplicationSceneManifest_Generation = YES;
				INFOPLIST_KEY_UIApplicationSupportsIndirectInputEvents = YES;
				INFOPLIST_KEY_UILaunchScreen_Generation = YES;
				INFOPLIST_KEY_UISupportedInterfaceOrientations_iPad = "UIInterfaceOrientationPortrait UIInterfaceOrientationPortraitUpsideDown UIInterfaceOrientationLandscapeLeft UIInterfaceOrientationLandscapeRight";
				INFOPLIST_KEY_UISupportedInterfaceOrientations_iPhone = "UIInterfaceOrientationPortrait UIInterfaceOrientationLandscapeLeft UIInterfaceOrientationLandscapeRight";
				LD_RUNPATH_SEARCH_PATHS = (
					"$(inherited)",
					"@executable_path/Frameworks",
				);
				MARKETING_VERSION = 1.0;
				PRODUCT_BUNDLE_IDENTIFIER = Myself.iOSFinalProject;
				PRODUCT_NAME = "$(TARGET_NAME)";
				SWIFT_EMIT_LOC_STRINGS = YES;
				SWIFT_VERSION = 5.0;
				TARGETED_DEVICE_FAMILY = "1,2";
			};
			name = Release;
		};
		EF61E6412E71A21100C45B6C /* Debug */ = {
			isa = XCBuildConfiguration;
			buildSettings = {
				BUNDLE_LOADER = "$(TEST_HOST)";
				CODE_SIGN_STYLE = Automatic;
				CURRENT_PROJECT_VERSION = 1;
				GENERATE_INFOPLIST_FILE = YES;
				IPHONEOS_DEPLOYMENT_TARGET = 18.5;
				MARKETING_VERSION = 1.0;
				PRODUCT_BUNDLE_IDENTIFIER = Myself.iOSFinalProjectTests;
				PRODUCT_NAME = "$(TARGET_NAME)";
				SWIFT_EMIT_LOC_STRINGS = NO;
				SWIFT_VERSION = 5.0;
				TARGETED_DEVICE_FAMILY = "1,2";
				TEST_HOST = "$(BUILT_PRODUCTS_DIR)/iOSFinalProject.app/$(BUNDLE_EXECUTABLE_FOLDER_PATH)/iOSFinalProject";
			};
			name = Debug;
		};
		EF61E6422E71A21100C45B6C /* Release */ = {
			isa = XCBuildConfiguration;
			buildSettings = {
				BUNDLE_LOADER = "$(TEST_HOST)";
				CODE_SIGN_STYLE = Automatic;
				CURRENT_PROJECT_VERSION = 1;
				GENERATE_INFOPLIST_FILE = YES;
				IPHONEOS_DEPLOYMENT_TARGET = 18.5;
				MARKETING_VERSION = 1.0;
				PRODUCT_BUNDLE_IDENTIFIER = Myself.iOSFinalProjectTests;
				PRODUCT_NAME = "$(TARGET_NAME)";
				SWIFT_EMIT_LOC_STRINGS = NO;
				SWIFT_VERSION = 5.0;
				TARGETED_DEVICE_FAMILY = "1,2";
				TEST_HOST = "$(BUILT_PRODUCTS_DIR)/iOSFinalProject.app/$(BUNDLE_EXECUTABLE_FOLDER_PATH)/iOSFinalProject";
			};
			name = Release;
		};
		EF61E6442E71A21100C45B6C /* Debug */ = {
			isa = XCBuildConfiguration;
			buildSettings = {
				CODE_SIGN_STYLE = Automatic;
				CURRENT_PROJECT_VERSION = 1;
				GENERATE_INFOPLIST_FILE = YES;
				MARKETING_VERSION = 1.0;
				PRODUCT_BUNDLE_IDENTIFIER = Myself.iOSFinalProjectUITests;
				PRODUCT_NAME = "$(TARGET_NAME)";
				SWIFT_EMIT_LOC_STRINGS = NO;
				SWIFT_VERSION = 5.0;
				TARGETED_DEVICE_FAMILY = "1,2";
				TEST_TARGET_NAME = iOSFinalProject;
			};
			name = Debug;
		};
		EF61E6452E71A21100C45B6C /* Release */ = {
			isa = XCBuildConfiguration;
			buildSettings = {
				CODE_SIGN_STYLE = Automatic;
				CURRENT_PROJECT_VERSION = 1;
				GENERATE_INFOPLIST_FILE = YES;
				MARKETING_VERSION = 1.0;
				PRODUCT_BUNDLE_IDENTIFIER = Myself.iOSFinalProjectUITests;
				PRODUCT_NAME = "$(TARGET_NAME)";
				SWIFT_EMIT_LOC_STRINGS = NO;
				SWIFT_VERSION = 5.0;
				TARGETED_DEVICE_FAMILY = "1,2";
				TEST_TARGET_NAME = iOSFinalProject;
			};
			name = Release;
		};
/* End XCBuildConfiguration section */

/* Begin XCConfigurationList section */
		EF61E6122E71A21000C45B6C /* Build configuration list for PBXProject "iOSFinalProject" */ = {
			isa = XCConfigurationList;
			buildConfigurations = (
				EF61E63B2E71A21100C45B6C /* Debug */,
				EF61E63C2E71A21100C45B6C /* Release */,
			);
			defaultConfigurationIsVisible = 0;
			defaultConfigurationName = Release;
		};
		EF61E63D2E71A21100C45B6C /* Build configuration list for PBXNativeTarget "iOSFinalProject" */ = {
			isa = XCConfigurationList;
			buildConfigurations = (
				EF61E63E2E71A21100C45B6C /* Debug */,
				EF61E63F2E71A21100C45B6C /* Release */,
			);
			defaultConfigurationIsVisible = 0;
			defaultConfigurationName = Release;
		};
		EF61E6402E71A21100C45B6C /* Build configuration list for PBXNativeTarget "iOSFinalProjectTests" */ = {
			isa = XCConfigurationList;
			buildConfigurations = (
				EF61E6412E71A21100C45B6C /* Debug */,
				EF61E6422E71A21100C45B6C /* Release */,
			);
			defaultConfigurationIsVisible = 0;
			defaultConfigurationName = Release;
		};
		EF61E6432E71A21100C45B6C /* Build configuration list for PBXNativeTarget "iOSFinalProjectUITests" */ = {
			isa = XCConfigurationList;
			buildConfigurations = (
				EF61E6442E71A21100C45B6C /* Debug */,
				EF61E6452E71A21100C45B6C /* Release */,
			);
			defaultConfigurationIsVisible = 0;
			defaultConfigurationName = Release;
		};
/* End XCConfigurationList section */
	};
	rootObject = EF61E60F2E71A21000C45B6C /* Project object */;
}
